
Microsoft Visual Studio Solution File, Format Version 12.00
# Visual Studio Version 16
VisualStudioVersion = 16.0.31702.278
MinimumVisualStudioVersion = 10.0.40219.1
Project("{9A19103F-16F7-4668-BE54-9A1E7A4F7556}") = "Labo 1 OOP", "Labo 1 OOP.csproj", "{B3A65D60-1668-45EC-A112-45D43F654EFD}"
EndProject
Project("{9A19103F-16F7-4668-BE54-9A1E7A4F7556}") = "Labo 01 Figuren", "..\Labo 01 Figuren\Labo 01 Figuren.csproj", "{C525C61E-700D-4CCF-A479-836B9D383674}"
EndProject
Project("{9A19103F-16F7-4668-BE54-9A1E7A4F7556}") = "CVS", "..\CVS\CVS.csproj", "{14BE0542-EEC2-4ABE-8949-B31DA980339B}"
EndProject
Project("{9A19103F-16F7-4668-BE54-9A1E7A4F7556}") = "Schooladmin2e", "..\Schooladmin2e\Schooladmin2e.csproj", "{AC708570-29C8-416B-A736-3780E809DDD2}"
EndProject
Project("{FAE04EC0-301F-11D3-BF4B-00C04F79EFBC}") = "foreach", "..\foreach\foreach.csproj", "{478618F8-C6A6-4543-9BD4-532E47FE9543}"
EndProject
Global
	GlobalSection(SolutionConfigurationPlatforms) = preSolution
		Debug|Any CPU = Debug|Any CPU
		Release|Any CPU = Release|Any CPU
	EndGlobalSection
	GlobalSection(ProjectConfigurationPlatforms) = postSolution
		{B3A65D60-1668-45EC-A112-45D43F654EFD}.Debug|Any CPU.ActiveCfg = Debug|Any CPU
		{B3A65D60-1668-45EC-A112-45D43F654EFD}.Debug|Any CPU.Build.0 = Debug|Any CPU
		{B3A65D60-1668-45EC-A112-45D43F654EFD}.Release|Any CPU.ActiveCfg = Release|Any CPU
		{B3A65D60-1668-45EC-A112-45D43F654EFD}.Release|Any CPU.Build.0 = Release|Any CPU
		{C525C61E-700D-4CCF-A479-836B9D383674}.Debug|Any CPU.ActiveCfg = Debug|Any CPU
		{C525C61E-700D-4CCF-A479-836B9D383674}.Debug|Any CPU.Build.0 = Debug|Any CPU
		{C525C61E-700D-4CCF-A479-836B9D383674}.Release|Any CPU.ActiveCfg = Release|Any CPU
		{C525C61E-700D-4CCF-A479-836B9D383674}.Release|Any CPU.Build.0 = Release|Any CPU
		{14BE0542-EEC2-4ABE-8949-B31DA980339B}.Debug|Any CPU.ActiveCfg = Debug|Any CPU
		{14BE0542-EEC2-4ABE-8949-B31DA980339B}.Debug|Any CPU.Build.0 = Debug|Any CPU
		{14BE0542-EEC2-4ABE-8949-B31DA980339B}.Release|Any CPU.ActiveCfg = Release|Any CPU
		{14BE0542-EEC2-4ABE-8949-B31DA980339B}.Release|Any CPU.Build.0 = Release|Any CPU
		{AC708570-29C8-416B-A736-3780E809DDD2}.Debug|Any CPU.ActiveCfg = Debug|Any CPU
		{AC708570-29C8-416B-A736-3780E809DDD2}.Debug|Any CPU.Build.0 = Debug|Any CPU
		{AC708570-29C8-416B-A736-3780E809DDD2}.Release|Any CPU.ActiveCfg = Release|Any CPU
		{AC708570-29C8-416B-A736-3780E809DDD2}.Release|Any CPU.Build.0 = Release|Any CPU
		{478618F8-C6A6-4543-9BD4-532E47FE9543}.Debug|Any CPU.ActiveCfg = Debug|Any CPU
		{478618F8-C6A6-4543-9BD4-532E47FE9543}.Debug|Any CPU.Build.0 = Debug|Any CPU
		{478618F8-C6A6-4543-9BD4-532E47FE9543}.Release|Any CPU.ActiveCfg = Release|Any CPU
		{478618F8-C6A6-4543-9BD4-532E47FE9543}.Release|Any CPU.Build.0 = Release|Any CPU
	EndGlobalSection
	GlobalSection(SolutionProperties) = preSolution
		HideSolutionNode = FALSE
	EndGlobalSection
	GlobalSection(ExtensibilityGlobals) = postSolution
		SolutionGuid = {3B8E25DE-EBF2-4FB0-9B10-2571D04C43BC}
	EndGlobalSection
EndGlobal
